
Microsoft Visual Studio Solution File, Format Version 12.00
# Visual Studio Version 16
VisualStudioVersion = 16.0.30907.101
MinimumVisualStudioVersion = 10.0.40219.1
Project("{2150E333-8FDC-42A3-9474-1A3956D46DE8}") = "Platforms", "Platforms", "{02492054-38D1-4BF0-897A-BA3FAA560BC3}"
EndProject
Project("{FAE04EC0-301F-11D3-BF4B-00C04F79EFBC}") = "GetFit.Droid", "GetFit\GetFit.Droid\GetFit.Droid.csproj", "{D252ACA1-3020-4165-B377-BCB46A7C8B2F}"
EndProject
Project("{FAE04EC0-301F-11D3-BF4B-00C04F79EFBC}") = "GetFit.iOS", "GetFit\GetFit.iOS\GetFit.iOS.csproj", "{61026DFC-F33B-46C5-A859-2322C7B37BD5}"
EndProject
Project("{FAE04EC0-301F-11D3-BF4B-00C04F79EFBC}") = "GetFit.UWP", "GetFit\GetFit.UWP\GetFit.UWP.csproj", "{390ADFF3-9E2C-4076-9154-C6B84B0BFC59}"
EndProject
Project("{9A19103F-16F7-4668-BE54-9A1E7A4F7556}") = "GetFit.Wasm", "GetFit\GetFit.Wasm\GetFit.Wasm.csproj", "{77331092-F306-4400-A7B1-B04E722F5872}"
EndProject
Project("{FAE04EC0-301F-11D3-BF4B-00C04F79EFBC}") = "GetFit.macOS", "GetFit\GetFit.macOS\GetFit.macOS.csproj", "{032E85B1-784E-44D4-B07A-1B6861EFA71F}"
EndProject
Project("{9A19103F-16F7-4668-BE54-9A1E7A4F7556}") = "GetFit.Skia.Wpf.Host", "GetFit\GetFit.Skia.Wpf.Host\GetFit.Skia.Wpf.Host.csproj", "{1DC61074-53FD-4225-8A0F-A5D1A4B482E0}"
EndProject
Project("{9A19103F-16F7-4668-BE54-9A1E7A4F7556}") = "GetFit.Skia.Wpf", "GetFit\GetFit.Skia.Wpf\GetFit.Skia.Wpf.csproj", "{672B79D6-4EC0-4504-AACB-949ED0158AD7}"
EndProject
Project("{9A19103F-16F7-4668-BE54-9A1E7A4F7556}") = "GetFit.Skia.Gtk", "GetFit\GetFit.Skia.Gtk\GetFit.Skia.Gtk.csproj", "{7C28B43E-45D8-455E-ACC3-010EDD2539CF}"
EndProject
Project("{9A19103F-16F7-4668-BE54-9A1E7A4F7556}") = "GetFit.Skia.Tizen", "GetFit\GetFit.Skia.Tizen\GetFit.Skia.Tizen.csproj", "{565BA23B-6EE4-45A2-8D3D-53A7026C7E99}"
EndProject
Project("{D954291E-2A0B-460D-934E-DC6B0785DB48}") = "GetFit.Shared", "GetFit\GetFit.Shared\GetFit.Shared.shproj", "{6279C845-92F8-4333-AB99-3D213163593C}"
EndProject
Global
	GlobalSection(SharedMSBuildProjectFiles) = preSolution
		GetFit\GetFit.Shared\GetFit.Shared.projitems*{390adff3-9e2c-4076-9154-c6b84b0bfc59}*SharedItemsImports = 4
		GetFit\GetFit.Shared\GetFit.Shared.projitems*{6279c845-92f8-4333-ab99-3d213163593c}*SharedItemsImports = 13
		GetFit\GetFit.Shared\GetFit.Shared.projitems*{d252aca1-3020-4165-b377-bcb46a7c8b2f}*SharedItemsImports = 4
	EndGlobalSection
	GlobalSection(SolutionConfigurationPlatforms) = preSolution
		Ad-Hoc|Any CPU = Ad-Hoc|Any CPU
		Ad-Hoc|ARM = Ad-Hoc|ARM
		Ad-Hoc|ARM64 = Ad-Hoc|ARM64
		Ad-Hoc|iPhone = Ad-Hoc|iPhone
		Ad-Hoc|iPhoneSimulator = Ad-Hoc|iPhoneSimulator
		Ad-Hoc|x64 = Ad-Hoc|x64
		Ad-Hoc|x86 = Ad-Hoc|x86
		AppStore|Any CPU = AppStore|Any CPU
		AppStore|ARM = AppStore|ARM
		AppStore|ARM64 = AppStore|ARM64
		AppStore|iPhone = AppStore|iPhone
		AppStore|iPhoneSimulator = AppStore|iPhoneSimulator
		AppStore|x64 = AppStore|x64
		AppStore|x86 = AppStore|x86
		Debug|Any CPU = Debug|Any CPU
		Debug|ARM = Debug|ARM
		Debug|ARM64 = Debug|ARM64
		Debug|iPhone = Debug|iPhone
		Debug|iPhoneSimulator = Debug|iPhoneSimulator
		Debug|x64 = Debug|x64
		Debug|x86 = Debug|x86
		Release|Any CPU = Release|Any CPU
		Release|ARM = Release|ARM
		Release|ARM64 = Release|ARM64
		Release|iPhone = Release|iPhone
		Release|iPhoneSimulator = Release|iPhoneSimulator
		Release|x64 = Release|x64
		Release|x86 = Release|x86
	EndGlobalSection
	GlobalSection(ProjectConfigurationPlatforms) = postSolution
		{D252ACA1-3020-4165-B377-BCB46A7C8B2F}.Ad-Hoc|Any CPU.ActiveCfg = Debug|Any CPU
		{D252ACA1-3020-4165-B377-BCB46A7C8B2F}.Ad-Hoc|Any CPU.Build.0 = Debug|Any CPU
		{D252ACA1-3020-4165-B377-BCB46A7C8B2F}.Ad-Hoc|Any CPU.Deploy.0 = Debug|Any CPU
		{D252ACA1-3020-4165-B377-BCB46A7C8B2F}.Ad-Hoc|ARM.ActiveCfg = Debug|Any CPU
		{D252ACA1-3020-4165-B377-BCB46A7C8B2F}.Ad-Hoc|ARM.Build.0 = Debug|Any CPU
		{D252ACA1-3020-4165-B377-BCB46A7C8B2F}.Ad-Hoc|ARM.Deploy.0 = Debug|Any CPU
		{D252ACA1-3020-4165-B377-BCB46A7C8B2F}.Ad-Hoc|ARM64.ActiveCfg = Debug|Any CPU
		{D252ACA1-3020-4165-B377-BCB46A7C8B2F}.Ad-Hoc|ARM64.Build.0 = Debug|Any CPU
		{D252ACA1-3020-4165-B377-BCB46A7C8B2F}.Ad-Hoc|ARM64.Deploy.0 = Debug|Any CPU
		{D252ACA1-3020-4165-B377-BCB46A7C8B2F}.Ad-Hoc|iPhone.ActiveCfg = Debug|Any CPU
		{D252ACA1-3020-4165-B377-BCB46A7C8B2F}.Ad-Hoc|iPhone.Build.0 = Debug|Any CPU
		{D252ACA1-3020-4165-B377-BCB46A7C8B2F}.Ad-Hoc|iPhone.Deploy.0 = Debug|Any CPU
		{D252ACA1-3020-4165-B377-BCB46A7C8B2F}.Ad-Hoc|iPhoneSimulator.ActiveCfg = Debug|Any CPU
		{D252ACA1-3020-4165-B377-BCB46A7C8B2F}.Ad-Hoc|iPhoneSimulator.Build.0 = Debug|Any CPU
		{D252ACA1-3020-4165-B377-BCB46A7C8B2F}.Ad-Hoc|iPhoneSimulator.Deploy.0 = Debug|Any CPU
		{D252ACA1-3020-4165-B377-BCB46A7C8B2F}.Ad-Hoc|x64.ActiveCfg = Debug|Any CPU
		{D252ACA1-3020-4165-B377-BCB46A7C8B2F}.Ad-Hoc|x64.Build.0 = Debug|Any CPU
		{D252ACA1-3020-4165-B377-BCB46A7C8B2F}.Ad-Hoc|x64.Deploy.0 = Debug|Any CPU
		{D252ACA1-3020-4165-B377-BCB46A7C8B2F}.Ad-Hoc|x86.ActiveCfg = Debug|Any CPU
		{D252ACA1-3020-4165-B377-BCB46A7C8B2F}.Ad-Hoc|x86.Build.0 = Debug|Any CPU
		{D252ACA1-3020-4165-B377-BCB46A7C8B2F}.Ad-Hoc|x86.Deploy.0 = Debug|Any CPU
		{D252ACA1-3020-4165-B377-BCB46A7C8B2F}.AppStore|Any CPU.ActiveCfg = Debug|Any CPU
		{D252ACA1-3020-4165-B377-BCB46A7C8B2F}.AppStore|Any CPU.Build.0 = Debug|Any CPU
		{D252ACA1-3020-4165-B377-BCB46A7C8B2F}.AppStore|Any CPU.Deploy.0 = Debug|Any CPU
		{D252ACA1-3020-4165-B377-BCB46A7C8B2F}.AppStore|ARM.ActiveCfg = Debug|Any CPU
		{D252ACA1-3020-4165-B377-BCB46A7C8B2F}.AppStore|ARM.Build.0 = Debug|Any CPU
		{D252ACA1-3020-4165-B377-BCB46A7C8B2F}.AppStore|ARM.Deploy.0 = Debug|Any CPU
		{D252ACA1-3020-4165-B377-BCB46A7C8B2F}.AppStore|ARM64.ActiveCfg = Debug|Any CPU
		{D252ACA1-3020-4165-B377-BCB46A7C8B2F}.AppStore|ARM64.Build.0 = Debug|Any CPU
		{D252ACA1-3020-4165-B377-BCB46A7C8B2F}.AppStore|ARM64.Deploy.0 = Debug|Any CPU
		{D252ACA1-3020-4165-B377-BCB46A7C8B2F}.AppStore|iPhone.ActiveCfg = Debug|Any CPU
		{D252ACA1-3020-4165-B377-BCB46A7C8B2F}.AppStore|iPhone.Build.0 = Debug|Any CPU
		{D252ACA1-3020-4165-B377-BCB46A7C8B2F}.AppStore|iPhone.Deploy.0 = Debug|Any CPU
		{D252ACA1-3020-4165-B377-BCB46A7C8B2F}.AppStore|iPhoneSimulator.ActiveCfg = Debug|Any CPU
		{D252ACA1-3020-4165-B377-BCB46A7C8B2F}.AppStore|iPhoneSimulator.Build.0 = Debug|Any CPU
		{D252ACA1-3020-4165-B377-BCB46A7C8B2F}.AppStore|iPhoneSimulator.Deploy.0 = Debug|Any CPU
		{D252ACA1-3020-4165-B377-BCB46A7C8B2F}.AppStore|x64.ActiveCfg = Debug|Any CPU
		{D252ACA1-3020-4165-B377-BCB46A7C8B2F}.AppStore|x64.Build.0 = Debug|Any CPU
		{D252ACA1-3020-4165-B377-BCB46A7C8B2F}.AppStore|x64.Deploy.0 = Debug|Any CPU
		{D252ACA1-3020-4165-B377-BCB46A7C8B2F}.AppStore|x86.ActiveCfg = Debug|Any CPU
		{D252ACA1-3020-4165-B377-BCB46A7C8B2F}.AppStore|x86.Build.0 = Debug|Any CPU
		{D252ACA1-3020-4165-B377-BCB46A7C8B2F}.AppStore|x86.Deploy.0 = Debug|Any CPU
		{D252ACA1-3020-4165-B377-BCB46A7C8B2F}.Debug|Any CPU.ActiveCfg = Debug|Any CPU
		{D252ACA1-3020-4165-B377-BCB46A7C8B2F}.Debug|Any CPU.Build.0 = Debug|Any CPU
		{D252ACA1-3020-4165-B377-BCB46A7C8B2F}.Debug|Any CPU.Deploy.0 = Debug|Any CPU
		{D252ACA1-3020-4165-B377-BCB46A7C8B2F}.Debug|ARM.ActiveCfg = Debug|Any CPU
		{D252ACA1-3020-4165-B377-BCB46A7C8B2F}.Debug|ARM.Build.0 = Debug|Any CPU
		{D252ACA1-3020-4165-B377-BCB46A7C8B2F}.Debug|ARM.Deploy.0 = Debug|Any CPU
		{D252ACA1-3020-4165-B377-BCB46A7C8B2F}.Debug|ARM64.ActiveCfg = Debug|Any CPU
		{D252ACA1-3020-4165-B377-BCB46A7C8B2F}.Debug|ARM64.Build.0 = Debug|Any CPU
		{D252ACA1-3020-4165-B377-BCB46A7C8B2F}.Debug|ARM64.Deploy.0 = Debug|Any CPU
		{D252ACA1-3020-4165-B377-BCB46A7C8B2F}.Debug|iPhone.ActiveCfg = Debug|Any CPU
		{D252ACA1-3020-4165-B377-BCB46A7C8B2F}.Debug|iPhone.Build.0 = Debug|Any CPU
		{D252ACA1-3020-4165-B377-BCB46A7C8B2F}.Debug|iPhone.Deploy.0 = Debug|Any CPU
		{D252ACA1-3020-4165-B377-BCB46A7C8B2F}.Debug|iPhoneSimulator.ActiveCfg = Debug|Any CPU
		{D252ACA1-3020-4165-B377-BCB46A7C8B2F}.Debug|iPhoneSimulator.Build.0 = Debug|Any CPU
		{D252ACA1-3020-4165-B377-BCB46A7C8B2F}.Debug|iPhoneSimulator.Deploy.0 = Debug|Any CPU
		{D252ACA1-3020-4165-B377-BCB46A7C8B2F}.Debug|x64.ActiveCfg = Debug|Any CPU
		{D252ACA1-3020-4165-B377-BCB46A7C8B2F}.Debug|x64.Build.0 = Debug|Any CPU
		{D252ACA1-3020-4165-B377-BCB46A7C8B2F}.Debug|x64.Deploy.0 = Debug|Any CPU
		{D252ACA1-3020-4165-B377-BCB46A7C8B2F}.Debug|x86.ActiveCfg = Debug|Any CPU
		{D252ACA1-3020-4165-B377-BCB46A7C8B2F}.Debug|x86.Build.0 = Debug|Any CPU
		{D252ACA1-3020-4165-B377-BCB46A7C8B2F}.Debug|x86.Deploy.0 = Debug|Any CPU
		{D252ACA1-3020-4165-B377-BCB46A7C8B2F}.Release|Any CPU.ActiveCfg = Release|Any CPU
		{D252ACA1-3020-4165-B377-BCB46A7C8B2F}.Release|Any CPU.Build.0 = Release|Any CPU
		{D252ACA1-3020-4165-B377-BCB46A7C8B2F}.Release|Any CPU.Deploy.0 = Release|Any CPU
		{D252ACA1-3020-4165-B377-BCB46A7C8B2F}.Release|ARM.ActiveCfg = Release|Any CPU
		{D252ACA1-3020-4165-B377-BCB46A7C8B2F}.Release|ARM.Build.0 = Release|Any CPU
		{D252ACA1-3020-4165-B377-BCB46A7C8B2F}.Release|ARM.Deploy.0 = Release|Any CPU
		{D252ACA1-3020-4165-B377-BCB46A7C8B2F}.Release|ARM64.ActiveCfg = Release|Any CPU
		{D252ACA1-3020-4165-B377-BCB46A7C8B2F}.Release|ARM64.Build.0 = Release|Any CPU
		{D252ACA1-3020-4165-B377-BCB46A7C8B2F}.Release|ARM64.Deploy.0 = Release|Any CPU
		{D252ACA1-3020-4165-B377-BCB46A7C8B2F}.Release|iPhone.ActiveCfg = Release|Any CPU
		{D252ACA1-3020-4165-B377-BCB46A7C8B2F}.Release|iPhone.Build.0 = Release|Any CPU
		{D252ACA1-3020-4165-B377-BCB46A7C8B2F}.Release|iPhone.Deploy.0 = Release|Any CPU
		{D252ACA1-3020-4165-B377-BCB46A7C8B2F}.Release|iPhoneSimulator.ActiveCfg = Release|Any CPU
		{D252ACA1-3020-4165-B377-BCB46A7C8B2F}.Release|iPhoneSimulator.Build.0 = Release|Any CPU
		{D252ACA1-3020-4165-B377-BCB46A7C8B2F}.Release|iPhoneSimulator.Deploy.0 = Release|Any CPU
		{D252ACA1-3020-4165-B377-BCB46A7C8B2F}.Release|x64.ActiveCfg = Release|Any CPU
		{D252ACA1-3020-4165-B377-BCB46A7C8B2F}.Release|x64.Build.0 = Release|Any CPU
		{D252ACA1-3020-4165-B377-BCB46A7C8B2F}.Release|x64.Deploy.0 = Release|Any CPU
		{D252ACA1-3020-4165-B377-BCB46A7C8B2F}.Release|x86.ActiveCfg = Release|Any CPU
		{D252ACA1-3020-4165-B377-BCB46A7C8B2F}.Release|x86.Build.0 = Release|Any CPU
		{D252ACA1-3020-4165-B377-BCB46A7C8B2F}.Release|x86.Deploy.0 = Release|Any CPU
		{61026DFC-F33B-46C5-A859-2322C7B37BD5}.Ad-Hoc|Any CPU.ActiveCfg = Ad-Hoc|iPhoneSimulator
		{61026DFC-F33B-46C5-A859-2322C7B37BD5}.Ad-Hoc|ARM.ActiveCfg = Ad-Hoc|iPhoneSimulator
		{61026DFC-F33B-46C5-A859-2322C7B37BD5}.Ad-Hoc|ARM64.ActiveCfg = Ad-Hoc|iPhoneSimulator
		{61026DFC-F33B-46C5-A859-2322C7B37BD5}.Ad-Hoc|iPhone.ActiveCfg = Ad-Hoc|iPhone
		{61026DFC-F33B-46C5-A859-2322C7B37BD5}.Ad-Hoc|iPhone.Build.0 = Ad-Hoc|iPhone
		{61026DFC-F33B-46C5-A859-2322C7B37BD5}.Ad-Hoc|iPhoneSimulator.ActiveCfg = Ad-Hoc|iPhoneSimulator
		{61026DFC-F33B-46C5-A859-2322C7B37BD5}.Ad-Hoc|iPhoneSimulator.Build.0 = Ad-Hoc|iPhoneSimulator
		{61026DFC-F33B-46C5-A859-2322C7B37BD5}.Ad-Hoc|x64.ActiveCfg = Ad-Hoc|iPhoneSimulator
		{61026DFC-F33B-46C5-A859-2322C7B37BD5}.Ad-Hoc|x86.ActiveCfg = Ad-Hoc|iPhoneSimulator
		{61026DFC-F33B-46C5-A859-2322C7B37BD5}.AppStore|Any CPU.ActiveCfg = AppStore|iPhoneSimulator
		{61026DFC-F33B-46C5-A859-2322C7B37BD5}.AppStore|ARM.ActiveCfg = AppStore|iPhoneSimulator
		{61026DFC-F33B-46C5-A859-2322C7B37BD5}.AppStore|ARM64.ActiveCfg = AppStore|iPhoneSimulator
		{61026DFC-F33B-46C5-A859-2322C7B37BD5}.AppStore|iPhone.ActiveCfg = AppStore|iPhone
		{61026DFC-F33B-46C5-A859-2322C7B37BD5}.AppStore|iPhone.Build.0 = AppStore|iPhone
		{61026DFC-F33B-46C5-A859-2322C7B37BD5}.AppStore|iPhoneSimulator.ActiveCfg = AppStore|iPhoneSimulator
		{61026DFC-F33B-46C5-A859-2322C7B37BD5}.AppStore|iPhoneSimulator.Build.0 = AppStore|iPhoneSimulator
		{61026DFC-F33B-46C5-A859-2322C7B37BD5}.AppStore|x64.ActiveCfg = AppStore|iPhoneSimulator
		{61026DFC-F33B-46C5-A859-2322C7B37BD5}.AppStore|x86.ActiveCfg = AppStore|iPhoneSimulator
		{61026DFC-F33B-46C5-A859-2322C7B37BD5}.Debug|Any CPU.ActiveCfg = Debug|iPhoneSimulator
		{61026DFC-F33B-46C5-A859-2322C7B37BD5}.Debug|ARM.ActiveCfg = Debug|iPhoneSimulator
		{61026DFC-F33B-46C5-A859-2322C7B37BD5}.Debug|ARM64.ActiveCfg = Debug|iPhoneSimulator
		{61026DFC-F33B-46C5-A859-2322C7B37BD5}.Debug|iPhone.ActiveCfg = Debug|iPhone
		{61026DFC-F33B-46C5-A859-2322C7B37BD5}.Debug|iPhone.Build.0 = Debug|iPhone
		{61026DFC-F33B-46C5-A859-2322C7B37BD5}.Debug|iPhoneSimulator.ActiveCfg = Debug|iPhoneSimulator
		{61026DFC-F33B-46C5-A859-2322C7B37BD5}.Debug|iPhoneSimulator.Build.0 = Debug|iPhoneSimulator
		{61026DFC-F33B-46C5-A859-2322C7B37BD5}.Debug|x64.ActiveCfg = Debug|iPhoneSimulator
		{61026DFC-F33B-46C5-A859-2322C7B37BD5}.Debug|x86.ActiveCfg = Debug|iPhoneSimulator
		{61026DFC-F33B-46C5-A859-2322C7B37BD5}.Release|Any CPU.ActiveCfg = Release|iPhoneSimulator
		{61026DFC-F33B-46C5-A859-2322C7B37BD5}.Release|ARM.ActiveCfg = Release|iPhoneSimulator
		{61026DFC-F33B-46C5-A859-2322C7B37BD5}.Release|ARM64.ActiveCfg = Release|iPhoneSimulator
		{61026DFC-F33B-46C5-A859-2322C7B37BD5}.Release|iPhone.ActiveCfg = Release|iPhone
		{61026DFC-F33B-46C5-A859-2322C7B37BD5}.Release|iPhone.Build.0 = Release|iPhone
		{61026DFC-F33B-46C5-A859-2322C7B37BD5}.Release|iPhoneSimulator.ActiveCfg = Release|iPhoneSimulator
		{61026DFC-F33B-46C5-A859-2322C7B37BD5}.Release|iPhoneSimulator.Build.0 = Release|iPhoneSimulator
		{61026DFC-F33B-46C5-A859-2322C7B37BD5}.Release|x64.ActiveCfg = Release|iPhoneSimulator
		{61026DFC-F33B-46C5-A859-2322C7B37BD5}.Release|x86.ActiveCfg = Release|iPhoneSimulator
		{390ADFF3-9E2C-4076-9154-C6B84B0BFC59}.Ad-Hoc|Any CPU.ActiveCfg = Debug|x86
		{390ADFF3-9E2C-4076-9154-C6B84B0BFC59}.Ad-Hoc|Any CPU.Build.0 = Debug|x86
		{390ADFF3-9E2C-4076-9154-C6B84B0BFC59}.Ad-Hoc|Any CPU.Deploy.0 = Debug|x86
		{390ADFF3-9E2C-4076-9154-C6B84B0BFC59}.Ad-Hoc|ARM.ActiveCfg = Debug|ARM
		{390ADFF3-9E2C-4076-9154-C6B84B0BFC59}.Ad-Hoc|ARM.Build.0 = Debug|ARM
		{390ADFF3-9E2C-4076-9154-C6B84B0BFC59}.Ad-Hoc|ARM.Deploy.0 = Debug|ARM
		{390ADFF3-9E2C-4076-9154-C6B84B0BFC59}.Ad-Hoc|ARM64.ActiveCfg = Debug|ARM64
		{390ADFF3-9E2C-4076-9154-C6B84B0BFC59}.Ad-Hoc|ARM64.Build.0 = Debug|ARM64
		{390ADFF3-9E2C-4076-9154-C6B84B0BFC59}.Ad-Hoc|ARM64.Deploy.0 = Debug|ARM64
		{390ADFF3-9E2C-4076-9154-C6B84B0BFC59}.Ad-Hoc|iPhone.ActiveCfg = Debug|x86
		{390ADFF3-9E2C-4076-9154-C6B84B0BFC59}.Ad-Hoc|iPhone.Build.0 = Debug|x86
		{390ADFF3-9E2C-4076-9154-C6B84B0BFC59}.Ad-Hoc|iPhone.Deploy.0 = Debug|x86
		{390ADFF3-9E2C-4076-9154-C6B84B0BFC59}.Ad-Hoc|iPhoneSimulator.ActiveCfg = Debug|x86
		{390ADFF3-9E2C-4076-9154-C6B84B0BFC59}.Ad-Hoc|iPhoneSimulator.Build.0 = Debug|x86
		{390ADFF3-9E2C-4076-9154-C6B84B0BFC59}.Ad-Hoc|iPhoneSimulator.Deploy.0 = Debug|x86
		{390ADFF3-9E2C-4076-9154-C6B84B0BFC59}.Ad-Hoc|x64.ActiveCfg = Debug|x64
		{390ADFF3-9E2C-4076-9154-C6B84B0BFC59}.Ad-Hoc|x64.Build.0 = Debug|x64
		{390ADFF3-9E2C-4076-9154-C6B84B0BFC59}.Ad-Hoc|x64.Deploy.0 = Debug|x64
		{390ADFF3-9E2C-4076-9154-C6B84B0BFC59}.Ad-Hoc|x86.ActiveCfg = Debug|x86
		{390ADFF3-9E2C-4076-9154-C6B84B0BFC59}.Ad-Hoc|x86.Build.0 = Debug|x86
		{390ADFF3-9E2C-4076-9154-C6B84B0BFC59}.Ad-Hoc|x86.Deploy.0 = Debug|x86
		{390ADFF3-9E2C-4076-9154-C6B84B0BFC59}.AppStore|Any CPU.ActiveCfg = Debug|x86
		{390ADFF3-9E2C-4076-9154-C6B84B0BFC59}.AppStore|Any CPU.Build.0 = Debug|x86
		{390ADFF3-9E2C-4076-9154-C6B84B0BFC59}.AppStore|Any CPU.Deploy.0 = Debug|x86
		{390ADFF3-9E2C-4076-9154-C6B84B0BFC59}.AppStore|ARM.ActiveCfg = Debug|ARM
		{390ADFF3-9E2C-4076-9154-C6B84B0BFC59}.AppStore|ARM.Build.0 = Debug|ARM
		{390ADFF3-9E2C-4076-9154-C6B84B0BFC59}.AppStore|ARM.Deploy.0 = Debug|ARM
		{390ADFF3-9E2C-4076-9154-C6B84B0BFC59}.AppStore|ARM64.ActiveCfg = Debug|ARM64
		{390ADFF3-9E2C-4076-9154-C6B84B0BFC59}.AppStore|ARM64.Build.0 = Debug|ARM64
		{390ADFF3-9E2C-4076-9154-C6B84B0BFC59}.AppStore|ARM64.Deploy.0 = Debug|ARM64
		{390ADFF3-9E2C-4076-9154-C6B84B0BFC59}.AppStore|iPhone.ActiveCfg = Debug|x86
		{390ADFF3-9E2C-4076-9154-C6B84B0BFC59}.AppStore|iPhone.Build.0 = Debug|x86
		{390ADFF3-9E2C-4076-9154-C6B84B0BFC59}.AppStore|iPhone.Deploy.0 = Debug|x86
		{390ADFF3-9E2C-4076-9154-C6B84B0BFC59}.AppStore|iPhoneSimulator.ActiveCfg = Debug|x86
		{390ADFF3-9E2C-4076-9154-C6B84B0BFC59}.AppStore|iPhoneSimulator.Build.0 = Debug|x86
		{390ADFF3-9E2C-4076-9154-C6B84B0BFC59}.AppStore|iPhoneSimulator.Deploy.0 = Debug|x86
		{390ADFF3-9E2C-4076-9154-C6B84B0BFC59}.AppStore|x64.ActiveCfg = Debug|x64
		{390ADFF3-9E2C-4076-9154-C6B84B0BFC59}.AppStore|x64.Build.0 = Debug|x64
		{390ADFF3-9E2C-4076-9154-C6B84B0BFC59}.AppStore|x64.Deploy.0 = Debug|x64
		{390ADFF3-9E2C-4076-9154-C6B84B0BFC59}.AppStore|x86.ActiveCfg = Debug|x86
		{390ADFF3-9E2C-4076-9154-C6B84B0BFC59}.AppStore|x86.Build.0 = Debug|x86
		{390ADFF3-9E2C-4076-9154-C6B84B0BFC59}.AppStore|x86.Deploy.0 = Debug|x86
		{390ADFF3-9E2C-4076-9154-C6B84B0BFC59}.Debug|Any CPU.ActiveCfg = Debug|x86
		{390ADFF3-9E2C-4076-9154-C6B84B0BFC59}.Debug|ARM.ActiveCfg = Debug|ARM
		{390ADFF3-9E2C-4076-9154-C6B84B0BFC59}.Debug|ARM.Build.0 = Debug|ARM
		{390ADFF3-9E2C-4076-9154-C6B84B0BFC59}.Debug|ARM.Deploy.0 = Debug|ARM
		{390ADFF3-9E2C-4076-9154-C6B84B0BFC59}.Debug|ARM64.ActiveCfg = Debug|ARM64
		{390ADFF3-9E2C-4076-9154-C6B84B0BFC59}.Debug|ARM64.Build.0 = Debug|ARM64
		{390ADFF3-9E2C-4076-9154-C6B84B0BFC59}.Debug|ARM64.Deploy.0 = Debug|ARM64
		{390ADFF3-9E2C-4076-9154-C6B84B0BFC59}.Debug|iPhone.ActiveCfg = Debug|x86
		{390ADFF3-9E2C-4076-9154-C6B84B0BFC59}.Debug|iPhoneSimulator.ActiveCfg = Debug|x86
		{390ADFF3-9E2C-4076-9154-C6B84B0BFC59}.Debug|x64.ActiveCfg = Debug|x64
		{390ADFF3-9E2C-4076-9154-C6B84B0BFC59}.Debug|x64.Build.0 = Debug|x64
		{390ADFF3-9E2C-4076-9154-C6B84B0BFC59}.Debug|x64.Deploy.0 = Debug|x64
		{390ADFF3-9E2C-4076-9154-C6B84B0BFC59}.Debug|x86.ActiveCfg = Debug|x86
		{390ADFF3-9E2C-4076-9154-C6B84B0BFC59}.Debug|x86.Build.0 = Debug|x86
		{390ADFF3-9E2C-4076-9154-C6B84B0BFC59}.Debug|x86.Deploy.0 = Debug|x86
		{390ADFF3-9E2C-4076-9154-C6B84B0BFC59}.Release|Any CPU.ActiveCfg = Release|x86
		{390ADFF3-9E2C-4076-9154-C6B84B0BFC59}.Release|ARM.ActiveCfg = Release|ARM
		{390ADFF3-9E2C-4076-9154-C6B84B0BFC59}.Release|ARM.Build.0 = Release|ARM
		{390ADFF3-9E2C-4076-9154-C6B84B0BFC59}.Release|ARM.Deploy.0 = Release|ARM
		{390ADFF3-9E2C-4076-9154-C6B84B0BFC59}.Release|ARM64.ActiveCfg = Release|ARM64
		{390ADFF3-9E2C-4076-9154-C6B84B0BFC59}.Release|ARM64.Build.0 = Release|ARM64
		{390ADFF3-9E2C-4076-9154-C6B84B0BFC59}.Release|ARM64.Deploy.0 = Release|ARM64
		{390ADFF3-9E2C-4076-9154-C6B84B0BFC59}.Release|iPhone.ActiveCfg = Release|x86
		{390ADFF3-9E2C-4076-9154-C6B84B0BFC59}.Release|iPhoneSimulator.ActiveCfg = Release|x86
		{390ADFF3-9E2C-4076-9154-C6B84B0BFC59}.Release|x64.ActiveCfg = Release|x64
		{390ADFF3-9E2C-4076-9154-C6B84B0BFC59}.Release|x64.Build.0 = Release|x64
		{390ADFF3-9E2C-4076-9154-C6B84B0BFC59}.Release|x64.Deploy.0 = Release|x64
		{390ADFF3-9E2C-4076-9154-C6B84B0BFC59}.Release|x86.ActiveCfg = Release|x86
		{390ADFF3-9E2C-4076-9154-C6B84B0BFC59}.Release|x86.Build.0 = Release|x86
		{390ADFF3-9E2C-4076-9154-C6B84B0BFC59}.Release|x86.Deploy.0 = Release|x86
		{77331092-F306-4400-A7B1-B04E722F5872}.Ad-Hoc|Any CPU.ActiveCfg = Debug|Any CPU
		{77331092-F306-4400-A7B1-B04E722F5872}.Ad-Hoc|Any CPU.Build.0 = Debug|Any CPU
		{77331092-F306-4400-A7B1-B04E722F5872}.Ad-Hoc|ARM.ActiveCfg = Debug|Any CPU
		{77331092-F306-4400-A7B1-B04E722F5872}.Ad-Hoc|ARM.Build.0 = Debug|Any CPU
		{77331092-F306-4400-A7B1-B04E722F5872}.Ad-Hoc|ARM64.ActiveCfg = Debug|Any CPU
		{77331092-F306-4400-A7B1-B04E722F5872}.Ad-Hoc|ARM64.Build.0 = Debug|Any CPU
		{77331092-F306-4400-A7B1-B04E722F5872}.Ad-Hoc|iPhone.ActiveCfg = Debug|Any CPU
		{77331092-F306-4400-A7B1-B04E722F5872}.Ad-Hoc|iPhone.Build.0 = Debug|Any CPU
		{77331092-F306-4400-A7B1-B04E722F5872}.Ad-Hoc|iPhoneSimulator.ActiveCfg = Debug|Any CPU
		{77331092-F306-4400-A7B1-B04E722F5872}.Ad-Hoc|iPhoneSimulator.Build.0 = Debug|Any CPU
		{77331092-F306-4400-A7B1-B04E722F5872}.Ad-Hoc|x64.ActiveCfg = Debug|Any CPU
		{77331092-F306-4400-A7B1-B04E722F5872}.Ad-Hoc|x64.Build.0 = Debug|Any CPU
		{77331092-F306-4400-A7B1-B04E722F5872}.Ad-Hoc|x86.ActiveCfg = Debug|Any CPU
		{77331092-F306-4400-A7B1-B04E722F5872}.Ad-Hoc|x86.Build.0 = Debug|Any CPU
		{77331092-F306-4400-A7B1-B04E722F5872}.AppStore|Any CPU.ActiveCfg = Debug|Any CPU
		{77331092-F306-4400-A7B1-B04E722F5872}.AppStore|Any CPU.Build.0 = Debug|Any CPU
		{77331092-F306-4400-A7B1-B04E722F5872}.AppStore|ARM.ActiveCfg = Debug|Any CPU
		{77331092-F306-4400-A7B1-B04E722F5872}.AppStore|ARM.Build.0 = Debug|Any CPU
		{77331092-F306-4400-A7B1-B04E722F5872}.AppStore|ARM64.ActiveCfg = Debug|Any CPU
		{77331092-F306-4400-A7B1-B04E722F5872}.AppStore|ARM64.Build.0 = Debug|Any CPU
		{77331092-F306-4400-A7B1-B04E722F5872}.AppStore|iPhone.ActiveCfg = Debug|Any CPU
		{77331092-F306-4400-A7B1-B04E722F5872}.AppStore|iPhone.Build.0 = Debug|Any CPU
		{77331092-F306-4400-A7B1-B04E722F5872}.AppStore|iPhoneSimulator.ActiveCfg = Debug|Any CPU
		{77331092-F306-4400-A7B1-B04E722F5872}.AppStore|iPhoneSimulator.Build.0 = Debug|Any CPU
		{77331092-F306-4400-A7B1-B04E722F5872}.AppStore|x64.ActiveCfg = Debug|Any CPU
		{77331092-F306-4400-A7B1-B04E722F5872}.AppStore|x64.Build.0 = Debug|Any CPU
		{77331092-F306-4400-A7B1-B04E722F5872}.AppStore|x86.ActiveCfg = Debug|Any CPU
		{77331092-F306-4400-A7B1-B04E722F5872}.AppStore|x86.Build.0 = Debug|Any CPU
		{77331092-F306-4400-A7B1-B04E722F5872}.Debug|Any CPU.ActiveCfg = Debug|Any CPU
		{77331092-F306-4400-A7B1-B04E722F5872}.Debug|Any CPU.Build.0 = Debug|Any CPU
		{77331092-F306-4400-A7B1-B04E722F5872}.Debug|ARM.ActiveCfg = Debug|Any CPU
		{77331092-F306-4400-A7B1-B04E722F5872}.Debug|ARM.Build.0 = Debug|Any CPU
		{77331092-F306-4400-A7B1-B04E722F5872}.Debug|ARM64.ActiveCfg = Debug|Any CPU
		{77331092-F306-4400-A7B1-B04E722F5872}.Debug|ARM64.Build.0 = Debug|Any CPU
		{77331092-F306-4400-A7B1-B04E722F5872}.Debug|iPhone.ActiveCfg = Debug|Any CPU
		{77331092-F306-4400-A7B1-B04E722F5872}.Debug|iPhone.Build.0 = Debug|Any CPU
		{77331092-F306-4400-A7B1-B04E722F5872}.Debug|iPhoneSimulator.ActiveCfg = Debug|Any CPU
		{77331092-F306-4400-A7B1-B04E722F5872}.Debug|iPhoneSimulator.Build.0 = Debug|Any CPU
		{77331092-F306-4400-A7B1-B04E722F5872}.Debug|x64.ActiveCfg = Debug|Any CPU
		{77331092-F306-4400-A7B1-B04E722F5872}.Debug|x64.Build.0 = Debug|Any CPU
		{77331092-F306-4400-A7B1-B04E722F5872}.Debug|x86.ActiveCfg = Debug|Any CPU
		{77331092-F306-4400-A7B1-B04E722F5872}.Debug|x86.Build.0 = Debug|Any CPU
		{77331092-F306-4400-A7B1-B04E722F5872}.Release|Any CPU.ActiveCfg = Release|Any CPU
		{77331092-F306-4400-A7B1-B04E722F5872}.Release|Any CPU.Build.0 = Release|Any CPU
		{77331092-F306-4400-A7B1-B04E722F5872}.Release|ARM.ActiveCfg = Release|Any CPU
		{77331092-F306-4400-A7B1-B04E722F5872}.Release|ARM.Build.0 = Release|Any CPU
		{77331092-F306-4400-A7B1-B04E722F5872}.Release|ARM64.ActiveCfg = Release|Any CPU
		{77331092-F306-4400-A7B1-B04E722F5872}.Release|ARM64.Build.0 = Release|Any CPU
		{77331092-F306-4400-A7B1-B04E722F5872}.Release|iPhone.ActiveCfg = Release|Any CPU
		{77331092-F306-4400-A7B1-B04E722F5872}.Release|iPhone.Build.0 = Release|Any CPU
		{77331092-F306-4400-A7B1-B04E722F5872}.Release|iPhoneSimulator.ActiveCfg = Release|Any CPU
		{77331092-F306-4400-A7B1-B04E722F5872}.Release|iPhoneSimulator.Build.0 = Release|Any CPU
		{77331092-F306-4400-A7B1-B04E722F5872}.Release|x64.ActiveCfg = Release|Any CPU
		{77331092-F306-4400-A7B1-B04E722F5872}.Release|x64.Build.0 = Release|Any CPU
		{77331092-F306-4400-A7B1-B04E722F5872}.Release|x86.ActiveCfg = Release|Any CPU
		{77331092-F306-4400-A7B1-B04E722F5872}.Release|x86.Build.0 = Release|Any CPU
		{032E85B1-784E-44D4-B07A-1B6861EFA71F}.Ad-Hoc|Any CPU.ActiveCfg = Debug|iPhoneSimulator
		{032E85B1-784E-44D4-B07A-1B6861EFA71F}.Ad-Hoc|Any CPU.Build.0 = Debug|iPhoneSimulator
		{032E85B1-784E-44D4-B07A-1B6861EFA71F}.Ad-Hoc|ARM.ActiveCfg = Debug|iPhoneSimulator
		{032E85B1-784E-44D4-B07A-1B6861EFA71F}.Ad-Hoc|ARM.Build.0 = Debug|iPhoneSimulator
		{032E85B1-784E-44D4-B07A-1B6861EFA71F}.Ad-Hoc|ARM64.ActiveCfg = Debug|iPhoneSimulator
		{032E85B1-784E-44D4-B07A-1B6861EFA71F}.Ad-Hoc|ARM64.Build.0 = Debug|iPhoneSimulator
		{032E85B1-784E-44D4-B07A-1B6861EFA71F}.Ad-Hoc|iPhone.ActiveCfg = Debug|iPhoneSimulator
		{032E85B1-784E-44D4-B07A-1B6861EFA71F}.Ad-Hoc|iPhone.Build.0 = Debug|iPhoneSimulator
		{032E85B1-784E-44D4-B07A-1B6861EFA71F}.Ad-Hoc|iPhoneSimulator.ActiveCfg = Debug|iPhoneSimulator
		{032E85B1-784E-44D4-B07A-1B6861EFA71F}.Ad-Hoc|iPhoneSimulator.Build.0 = Debug|iPhoneSimulator
		{032E85B1-784E-44D4-B07A-1B6861EFA71F}.Ad-Hoc|x64.ActiveCfg = Debug|iPhoneSimulator
		{032E85B1-784E-44D4-B07A-1B6861EFA71F}.Ad-Hoc|x64.Build.0 = Debug|iPhoneSimulator
		{032E85B1-784E-44D4-B07A-1B6861EFA71F}.Ad-Hoc|x86.ActiveCfg = Debug|iPhoneSimulator
		{032E85B1-784E-44D4-B07A-1B6861EFA71F}.Ad-Hoc|x86.Build.0 = Debug|iPhoneSimulator
		{032E85B1-784E-44D4-B07A-1B6861EFA71F}.AppStore|Any CPU.ActiveCfg = Debug|iPhoneSimulator
		{032E85B1-784E-44D4-B07A-1B6861EFA71F}.AppStore|Any CPU.Build.0 = Debug|iPhoneSimulator
		{032E85B1-784E-44D4-B07A-1B6861EFA71F}.AppStore|ARM.ActiveCfg = Debug|iPhoneSimulator
		{032E85B1-784E-44D4-B07A-1B6861EFA71F}.AppStore|ARM.Build.0 = Debug|iPhoneSimulator
		{032E85B1-784E-44D4-B07A-1B6861EFA71F}.AppStore|ARM64.ActiveCfg = Debug|iPhoneSimulator
		{032E85B1-784E-44D4-B07A-1B6861EFA71F}.AppStore|ARM64.Build.0 = Debug|iPhoneSimulator
		{032E85B1-784E-44D4-B07A-1B6861EFA71F}.AppStore|iPhone.ActiveCfg = Debug|iPhoneSimulator
		{032E85B1-784E-44D4-B07A-1B6861EFA71F}.AppStore|iPhone.Build.0 = Debug|iPhoneSimulator
		{032E85B1-784E-44D4-B07A-1B6861EFA71F}.AppStore|iPhoneSimulator.ActiveCfg = Debug|iPhoneSimulator
		{032E85B1-784E-44D4-B07A-1B6861EFA71F}.AppStore|iPhoneSimulator.Build.0 = Debug|iPhoneSimulator
		{032E85B1-784E-44D4-B07A-1B6861EFA71F}.AppStore|x64.ActiveCfg = Debug|iPhoneSimulator
		{032E85B1-784E-44D4-B07A-1B6861EFA71F}.AppStore|x64.Build.0 = Debug|iPhoneSimulator
		{032E85B1-784E-44D4-B07A-1B6861EFA71F}.AppStore|x86.ActiveCfg = Debug|iPhoneSimulator
		{032E85B1-784E-44D4-B07A-1B6861EFA71F}.AppStore|x86.Build.0 = Debug|iPhoneSimulator
		{032E85B1-784E-44D4-B07A-1B6861EFA71F}.Debug|Any CPU.ActiveCfg = Debug|iPhoneSimulator
		{032E85B1-784E-44D4-B07A-1B6861EFA71F}.Debug|ARM.ActiveCfg = Debug|iPhoneSimulator
		{032E85B1-784E-44D4-B07A-1B6861EFA71F}.Debug|ARM64.ActiveCfg = Debug|iPhoneSimulator
		{032E85B1-784E-44D4-B07A-1B6861EFA71F}.Debug|iPhone.ActiveCfg = Debug|iPhoneSimulator
		{032E85B1-784E-44D4-B07A-1B6861EFA71F}.Debug|iPhoneSimulator.ActiveCfg = Debug|iPhoneSimulator
		{032E85B1-784E-44D4-B07A-1B6861EFA71F}.Debug|iPhoneSimulator.Build.0 = Debug|iPhoneSimulator
		{032E85B1-784E-44D4-B07A-1B6861EFA71F}.Debug|x64.ActiveCfg = Debug|iPhoneSimulator
		{032E85B1-784E-44D4-B07A-1B6861EFA71F}.Debug|x86.ActiveCfg = Debug|iPhoneSimulator
		{032E85B1-784E-44D4-B07A-1B6861EFA71F}.Release|Any CPU.ActiveCfg = Release|iPhoneSimulator
		{032E85B1-784E-44D4-B07A-1B6861EFA71F}.Release|ARM.ActiveCfg = Release|iPhoneSimulator
		{032E85B1-784E-44D4-B07A-1B6861EFA71F}.Release|ARM64.ActiveCfg = Release|iPhoneSimulator
		{032E85B1-784E-44D4-B07A-1B6861EFA71F}.Release|iPhone.ActiveCfg = Release|iPhoneSimulator
		{032E85B1-784E-44D4-B07A-1B6861EFA71F}.Release|iPhoneSimulator.ActiveCfg = Release|iPhoneSimulator
		{032E85B1-784E-44D4-B07A-1B6861EFA71F}.Release|iPhoneSimulator.Build.0 = Release|iPhoneSimulator
		{032E85B1-784E-44D4-B07A-1B6861EFA71F}.Release|x64.ActiveCfg = Release|iPhoneSimulator
		{032E85B1-784E-44D4-B07A-1B6861EFA71F}.Release|x86.ActiveCfg = Release|iPhoneSimulator
		{1DC61074-53FD-4225-8A0F-A5D1A4B482E0}.Ad-Hoc|Any CPU.ActiveCfg = Debug|Any CPU
		{1DC61074-53FD-4225-8A0F-A5D1A4B482E0}.Ad-Hoc|Any CPU.Build.0 = Debug|Any CPU
		{1DC61074-53FD-4225-8A0F-A5D1A4B482E0}.Ad-Hoc|ARM.ActiveCfg = Debug|Any CPU
		{1DC61074-53FD-4225-8A0F-A5D1A4B482E0}.Ad-Hoc|ARM.Build.0 = Debug|Any CPU
		{1DC61074-53FD-4225-8A0F-A5D1A4B482E0}.Ad-Hoc|ARM64.ActiveCfg = Debug|Any CPU
		{1DC61074-53FD-4225-8A0F-A5D1A4B482E0}.Ad-Hoc|ARM64.Build.0 = Debug|Any CPU
		{1DC61074-53FD-4225-8A0F-A5D1A4B482E0}.Ad-Hoc|iPhone.ActiveCfg = Debug|Any CPU
		{1DC61074-53FD-4225-8A0F-A5D1A4B482E0}.Ad-Hoc|iPhone.Build.0 = Debug|Any CPU
		{1DC61074-53FD-4225-8A0F-A5D1A4B482E0}.Ad-Hoc|iPhoneSimulator.ActiveCfg = Debug|Any CPU
		{1DC61074-53FD-4225-8A0F-A5D1A4B482E0}.Ad-Hoc|iPhoneSimulator.Build.0 = Debug|Any CPU
		{1DC61074-53FD-4225-8A0F-A5D1A4B482E0}.Ad-Hoc|x64.ActiveCfg = Debug|Any CPU
		{1DC61074-53FD-4225-8A0F-A5D1A4B482E0}.Ad-Hoc|x64.Build.0 = Debug|Any CPU
		{1DC61074-53FD-4225-8A0F-A5D1A4B482E0}.Ad-Hoc|x86.ActiveCfg = Debug|Any CPU
		{1DC61074-53FD-4225-8A0F-A5D1A4B482E0}.Ad-Hoc|x86.Build.0 = Debug|Any CPU
		{1DC61074-53FD-4225-8A0F-A5D1A4B482E0}.AppStore|Any CPU.ActiveCfg = Debug|Any CPU
		{1DC61074-53FD-4225-8A0F-A5D1A4B482E0}.AppStore|Any CPU.Build.0 = Debug|Any CPU
		{1DC61074-53FD-4225-8A0F-A5D1A4B482E0}.AppStore|ARM.ActiveCfg = Debug|Any CPU
		{1DC61074-53FD-4225-8A0F-A5D1A4B482E0}.AppStore|ARM.Build.0 = Debug|Any CPU
		{1DC61074-53FD-4225-8A0F-A5D1A4B482E0}.AppStore|ARM64.ActiveCfg = Debug|Any CPU
		{1DC61074-53FD-4225-8A0F-A5D1A4B482E0}.AppStore|ARM64.Build.0 = Debug|Any CPU
		{1DC61074-53FD-4225-8A0F-A5D1A4B482E0}.AppStore|iPhone.ActiveCfg = Debug|Any CPU
		{1DC61074-53FD-4225-8A0F-A5D1A4B482E0}.AppStore|iPhone.Build.0 = Debug|Any CPU
		{1DC61074-53FD-4225-8A0F-A5D1A4B482E0}.AppStore|iPhoneSimulator.ActiveCfg = Debug|Any CPU
		{1DC61074-53FD-4225-8A0F-A5D1A4B482E0}.AppStore|iPhoneSimulator.Build.0 = Debug|Any CPU
		{1DC61074-53FD-4225-8A0F-A5D1A4B482E0}.AppStore|x64.ActiveCfg = Debug|Any CPU
		{1DC61074-53FD-4225-8A0F-A5D1A4B482E0}.AppStore|x64.Build.0 = Debug|Any CPU
		{1DC61074-53FD-4225-8A0F-A5D1A4B482E0}.AppStore|x86.ActiveCfg = Debug|Any CPU
		{1DC61074-53FD-4225-8A0F-A5D1A4B482E0}.AppStore|x86.Build.0 = Debug|Any CPU
		{1DC61074-53FD-4225-8A0F-A5D1A4B482E0}.Debug|Any CPU.ActiveCfg = Debug|Any CPU
		{1DC61074-53FD-4225-8A0F-A5D1A4B482E0}.Debug|Any CPU.Build.0 = Debug|Any CPU
		{1DC61074-53FD-4225-8A0F-A5D1A4B482E0}.Debug|ARM.ActiveCfg = Debug|Any CPU
		{1DC61074-53FD-4225-8A0F-A5D1A4B482E0}.Debug|ARM.Build.0 = Debug|Any CPU
		{1DC61074-53FD-4225-8A0F-A5D1A4B482E0}.Debug|ARM64.ActiveCfg = Debug|Any CPU
		{1DC61074-53FD-4225-8A0F-A5D1A4B482E0}.Debug|ARM64.Build.0 = Debug|Any CPU
		{1DC61074-53FD-4225-8A0F-A5D1A4B482E0}.Debug|iPhone.ActiveCfg = Debug|Any CPU
		{1DC61074-53FD-4225-8A0F-A5D1A4B482E0}.Debug|iPhone.Build.0 = Debug|Any CPU
		{1DC61074-53FD-4225-8A0F-A5D1A4B482E0}.Debug|iPhoneSimulator.ActiveCfg = Debug|Any CPU
		{1DC61074-53FD-4225-8A0F-A5D1A4B482E0}.Debug|iPhoneSimulator.Build.0 = Debug|Any CPU
		{1DC61074-53FD-4225-8A0F-A5D1A4B482E0}.Debug|x64.ActiveCfg = Debug|Any CPU
		{1DC61074-53FD-4225-8A0F-A5D1A4B482E0}.Debug|x64.Build.0 = Debug|Any CPU
		{1DC61074-53FD-4225-8A0F-A5D1A4B482E0}.Debug|x86.ActiveCfg = Debug|Any CPU
		{1DC61074-53FD-4225-8A0F-A5D1A4B482E0}.Debug|x86.Build.0 = Debug|Any CPU
		{1DC61074-53FD-4225-8A0F-A5D1A4B482E0}.Release|Any CPU.ActiveCfg = Release|Any CPU
		{1DC61074-53FD-4225-8A0F-A5D1A4B482E0}.Release|Any CPU.Build.0 = Release|Any CPU
		{1DC61074-53FD-4225-8A0F-A5D1A4B482E0}.Release|ARM.ActiveCfg = Release|Any CPU
		{1DC61074-53FD-4225-8A0F-A5D1A4B482E0}.Release|ARM.Build.0 = Release|Any CPU
		{1DC61074-53FD-4225-8A0F-A5D1A4B482E0}.Release|ARM64.ActiveCfg = Release|Any CPU
		{1DC61074-53FD-4225-8A0F-A5D1A4B482E0}.Release|ARM64.Build.0 = Release|Any CPU
		{1DC61074-53FD-4225-8A0F-A5D1A4B482E0}.Release|iPhone.ActiveCfg = Release|Any CPU
		{1DC61074-53FD-4225-8A0F-A5D1A4B482E0}.Release|iPhone.Build.0 = Release|Any CPU
		{1DC61074-53FD-4225-8A0F-A5D1A4B482E0}.Release|iPhoneSimulator.ActiveCfg = Release|Any CPU
		{1DC61074-53FD-4225-8A0F-A5D1A4B482E0}.Release|iPhoneSimulator.Build.0 = Release|Any CPU
		{1DC61074-53FD-4225-8A0F-A5D1A4B482E0}.Release|x64.ActiveCfg = Release|Any CPU
		{1DC61074-53FD-4225-8A0F-A5D1A4B482E0}.Release|x64.Build.0 = Release|Any CPU
		{1DC61074-53FD-4225-8A0F-A5D1A4B482E0}.Release|x86.ActiveCfg = Release|Any CPU
		{1DC61074-53FD-4225-8A0F-A5D1A4B482E0}.Release|x86.Build.0 = Release|Any CPU
		{672B79D6-4EC0-4504-AACB-949ED0158AD7}.Ad-Hoc|Any CPU.ActiveCfg = Debug|Any CPU
		{672B79D6-4EC0-4504-AACB-949ED0158AD7}.Ad-Hoc|Any CPU.Build.0 = Debug|Any CPU
		{672B79D6-4EC0-4504-AACB-949ED0158AD7}.Ad-Hoc|ARM.ActiveCfg = Debug|Any CPU
		{672B79D6-4EC0-4504-AACB-949ED0158AD7}.Ad-Hoc|ARM.Build.0 = Debug|Any CPU
		{672B79D6-4EC0-4504-AACB-949ED0158AD7}.Ad-Hoc|ARM64.ActiveCfg = Debug|Any CPU
		{672B79D6-4EC0-4504-AACB-949ED0158AD7}.Ad-Hoc|ARM64.Build.0 = Debug|Any CPU
		{672B79D6-4EC0-4504-AACB-949ED0158AD7}.Ad-Hoc|iPhone.ActiveCfg = Debug|Any CPU
		{672B79D6-4EC0-4504-AACB-949ED0158AD7}.Ad-Hoc|iPhone.Build.0 = Debug|Any CPU
		{672B79D6-4EC0-4504-AACB-949ED0158AD7}.Ad-Hoc|iPhoneSimulator.ActiveCfg = Debug|Any CPU
		{672B79D6-4EC0-4504-AACB-949ED0158AD7}.Ad-Hoc|iPhoneSimulator.Build.0 = Debug|Any CPU
		{672B79D6-4EC0-4504-AACB-949ED0158AD7}.Ad-Hoc|x64.ActiveCfg = Debug|Any CPU
		{672B79D6-4EC0-4504-AACB-949ED0158AD7}.Ad-Hoc|x64.Build.0 = Debug|Any CPU
		{672B79D6-4EC0-4504-AACB-949ED0158AD7}.Ad-Hoc|x86.ActiveCfg = Debug|Any CPU
		{672B79D6-4EC0-4504-AACB-949ED0158AD7}.Ad-Hoc|x86.Build.0 = Debug|Any CPU
		{672B79D6-4EC0-4504-AACB-949ED0158AD7}.AppStore|Any CPU.ActiveCfg = Debug|Any CPU
		{672B79D6-4EC0-4504-AACB-949ED0158AD7}.AppStore|Any CPU.Build.0 = Debug|Any CPU
		{672B79D6-4EC0-4504-AACB-949ED0158AD7}.AppStore|ARM.ActiveCfg = Debug|Any CPU
		{672B79D6-4EC0-4504-AACB-949ED0158AD7}.AppStore|ARM.Build.0 = Debug|Any CPU
		{672B79D6-4EC0-4504-AACB-949ED0158AD7}.AppStore|ARM64.ActiveCfg = Debug|Any CPU
		{672B79D6-4EC0-4504-AACB-949ED0158AD7}.AppStore|ARM64.Build.0 = Debug|Any CPU
		{672B79D6-4EC0-4504-AACB-949ED0158AD7}.AppStore|iPhone.ActiveCfg = Debug|Any CPU
		{672B79D6-4EC0-4504-AACB-949ED0158AD7}.AppStore|iPhone.Build.0 = Debug|Any CPU
		{672B79D6-4EC0-4504-AACB-949ED0158AD7}.AppStore|iPhoneSimulator.ActiveCfg = Debug|Any CPU
		{672B79D6-4EC0-4504-AACB-949ED0158AD7}.AppStore|iPhoneSimulator.Build.0 = Debug|Any CPU
		{672B79D6-4EC0-4504-AACB-949ED0158AD7}.AppStore|x64.ActiveCfg = Debug|Any CPU
		{672B79D6-4EC0-4504-AACB-949ED0158AD7}.AppStore|x64.Build.0 = Debug|Any CPU
		{672B79D6-4EC0-4504-AACB-949ED0158AD7}.AppStore|x86.ActiveCfg = Debug|Any CPU
		{672B79D6-4EC0-4504-AACB-949ED0158AD7}.AppStore|x86.Build.0 = Debug|Any CPU
		{672B79D6-4EC0-4504-AACB-949ED0158AD7}.Debug|Any CPU.ActiveCfg = Debug|Any CPU
		{672B79D6-4EC0-4504-AACB-949ED0158AD7}.Debug|Any CPU.Build.0 = Debug|Any CPU
		{672B79D6-4EC0-4504-AACB-949ED0158AD7}.Debug|ARM.ActiveCfg = Debug|Any CPU
		{672B79D6-4EC0-4504-AACB-949ED0158AD7}.Debug|ARM.Build.0 = Debug|Any CPU
		{672B79D6-4EC0-4504-AACB-949ED0158AD7}.Debug|ARM64.ActiveCfg = Debug|Any CPU
		{672B79D6-4EC0-4504-AACB-949ED0158AD7}.Debug|ARM64.Build.0 = Debug|Any CPU
		{672B79D6-4EC0-4504-AACB-949ED0158AD7}.Debug|iPhone.ActiveCfg = Debug|Any CPU
		{672B79D6-4EC0-4504-AACB-949ED0158AD7}.Debug|iPhone.Build.0 = Debug|Any CPU
		{672B79D6-4EC0-4504-AACB-949ED0158AD7}.Debug|iPhoneSimulator.ActiveCfg = Debug|Any CPU
		{672B79D6-4EC0-4504-AACB-949ED0158AD7}.Debug|iPhoneSimulator.Build.0 = Debug|Any CPU
		{672B79D6-4EC0-4504-AACB-949ED0158AD7}.Debug|x64.ActiveCfg = Debug|Any CPU
		{672B79D6-4EC0-4504-AACB-949ED0158AD7}.Debug|x64.Build.0 = Debug|Any CPU
		{672B79D6-4EC0-4504-AACB-949ED0158AD7}.Debug|x86.ActiveCfg = Debug|Any CPU
		{672B79D6-4EC0-4504-AACB-949ED0158AD7}.Debug|x86.Build.0 = Debug|Any CPU
		{672B79D6-4EC0-4504-AACB-949ED0158AD7}.Release|Any CPU.ActiveCfg = Release|Any CPU
		{672B79D6-4EC0-4504-AACB-949ED0158AD7}.Release|Any CPU.Build.0 = Release|Any CPU
		{672B79D6-4EC0-4504-AACB-949ED0158AD7}.Release|ARM.ActiveCfg = Release|Any CPU
		{672B79D6-4EC0-4504-AACB-949ED0158AD7}.Release|ARM.Build.0 = Release|Any CPU
		{672B79D6-4EC0-4504-AACB-949ED0158AD7}.Release|ARM64.ActiveCfg = Release|Any CPU
		{672B79D6-4EC0-4504-AACB-949ED0158AD7}.Release|ARM64.Build.0 = Release|Any CPU
		{672B79D6-4EC0-4504-AACB-949ED0158AD7}.Release|iPhone.ActiveCfg = Release|Any CPU
		{672B79D6-4EC0-4504-AACB-949ED0158AD7}.Release|iPhone.Build.0 = Release|Any CPU
		{672B79D6-4EC0-4504-AACB-949ED0158AD7}.Release|iPhoneSimulator.ActiveCfg = Release|Any CPU
		{672B79D6-4EC0-4504-AACB-949ED0158AD7}.Release|iPhoneSimulator.Build.0 = Release|Any CPU
		{672B79D6-4EC0-4504-AACB-949ED0158AD7}.Release|x64.ActiveCfg = Release|Any CPU
		{672B79D6-4EC0-4504-AACB-949ED0158AD7}.Release|x64.Build.0 = Release|Any CPU
		{672B79D6-4EC0-4504-AACB-949ED0158AD7}.Release|x86.ActiveCfg = Release|Any CPU
		{672B79D6-4EC0-4504-AACB-949ED0158AD7}.Release|x86.Build.0 = Release|Any CPU
		{7C28B43E-45D8-455E-ACC3-010EDD2539CF}.Ad-Hoc|Any CPU.ActiveCfg = Debug|Any CPU
		{7C28B43E-45D8-455E-ACC3-010EDD2539CF}.Ad-Hoc|Any CPU.Build.0 = Debug|Any CPU
		{7C28B43E-45D8-455E-ACC3-010EDD2539CF}.Ad-Hoc|ARM.ActiveCfg = Debug|Any CPU
		{7C28B43E-45D8-455E-ACC3-010EDD2539CF}.Ad-Hoc|ARM.Build.0 = Debug|Any CPU
		{7C28B43E-45D8-455E-ACC3-010EDD2539CF}.Ad-Hoc|ARM64.ActiveCfg = Debug|Any CPU
		{7C28B43E-45D8-455E-ACC3-010EDD2539CF}.Ad-Hoc|ARM64.Build.0 = Debug|Any CPU
		{7C28B43E-45D8-455E-ACC3-010EDD2539CF}.Ad-Hoc|iPhone.ActiveCfg = Debug|Any CPU
		{7C28B43E-45D8-455E-ACC3-010EDD2539CF}.Ad-Hoc|iPhone.Build.0 = Debug|Any CPU
		{7C28B43E-45D8-455E-ACC3-010EDD2539CF}.Ad-Hoc|iPhoneSimulator.ActiveCfg = Debug|Any CPU
		{7C28B43E-45D8-455E-ACC3-010EDD2539CF}.Ad-Hoc|iPhoneSimulator.Build.0 = Debug|Any CPU
		{7C28B43E-45D8-455E-ACC3-010EDD2539CF}.Ad-Hoc|x64.ActiveCfg = Debug|Any CPU
		{7C28B43E-45D8-455E-ACC3-010EDD2539CF}.Ad-Hoc|x64.Build.0 = Debug|Any CPU
		{7C28B43E-45D8-455E-ACC3-010EDD2539CF}.Ad-Hoc|x86.ActiveCfg = Debug|Any CPU
		{7C28B43E-45D8-455E-ACC3-010EDD2539CF}.Ad-Hoc|x86.Build.0 = Debug|Any CPU
		{7C28B43E-45D8-455E-ACC3-010EDD2539CF}.AppStore|Any CPU.ActiveCfg = Debug|Any CPU
		{7C28B43E-45D8-455E-ACC3-010EDD2539CF}.AppStore|Any CPU.Build.0 = Debug|Any CPU
		{7C28B43E-45D8-455E-ACC3-010EDD2539CF}.AppStore|ARM.ActiveCfg = Debug|Any CPU
		{7C28B43E-45D8-455E-ACC3-010EDD2539CF}.AppStore|ARM.Build.0 = Debug|Any CPU
		{7C28B43E-45D8-455E-ACC3-010EDD2539CF}.AppStore|ARM64.ActiveCfg = Debug|Any CPU
		{7C28B43E-45D8-455E-ACC3-010EDD2539CF}.AppStore|ARM64.Build.0 = Debug|Any CPU
		{7C28B43E-45D8-455E-ACC3-010EDD2539CF}.AppStore|iPhone.ActiveCfg = Debug|Any CPU
		{7C28B43E-45D8-455E-ACC3-010EDD2539CF}.AppStore|iPhone.Build.0 = Debug|Any CPU
		{7C28B43E-45D8-455E-ACC3-010EDD2539CF}.AppStore|iPhoneSimulator.ActiveCfg = Debug|Any CPU
		{7C28B43E-45D8-455E-ACC3-010EDD2539CF}.AppStore|iPhoneSimulator.Build.0 = Debug|Any CPU
		{7C28B43E-45D8-455E-ACC3-010EDD2539CF}.AppStore|x64.ActiveCfg = Debug|Any CPU
		{7C28B43E-45D8-455E-ACC3-010EDD2539CF}.AppStore|x64.Build.0 = Debug|Any CPU
		{7C28B43E-45D8-455E-ACC3-010EDD2539CF}.AppStore|x86.ActiveCfg = Debug|Any CPU
		{7C28B43E-45D8-455E-ACC3-010EDD2539CF}.AppStore|x86.Build.0 = Debug|Any CPU
		{7C28B43E-45D8-455E-ACC3-010EDD2539CF}.Debug|Any CPU.ActiveCfg = Debug|Any CPU
		{7C28B43E-45D8-455E-ACC3-010EDD2539CF}.Debug|Any CPU.Build.0 = Debug|Any CPU
		{7C28B43E-45D8-455E-ACC3-010EDD2539CF}.Debug|ARM.ActiveCfg = Debug|Any CPU
		{7C28B43E-45D8-455E-ACC3-010EDD2539CF}.Debug|ARM.Build.0 = Debug|Any CPU
		{7C28B43E-45D8-455E-ACC3-010EDD2539CF}.Debug|ARM64.ActiveCfg = Debug|Any CPU
		{7C28B43E-45D8-455E-ACC3-010EDD2539CF}.Debug|ARM64.Build.0 = Debug|Any CPU
		{7C28B43E-45D8-455E-ACC3-010EDD2539CF}.Debug|iPhone.ActiveCfg = Debug|Any CPU
		{7C28B43E-45D8-455E-ACC3-010EDD2539CF}.Debug|iPhone.Build.0 = Debug|Any CPU
		{7C28B43E-45D8-455E-ACC3-010EDD2539CF}.Debug|iPhoneSimulator.ActiveCfg = Debug|Any CPU
		{7C28B43E-45D8-455E-ACC3-010EDD2539CF}.Debug|iPhoneSimulator.Build.0 = Debug|Any CPU
		{7C28B43E-45D8-455E-ACC3-010EDD2539CF}.Debug|x64.ActiveCfg = Debug|Any CPU
		{7C28B43E-45D8-455E-ACC3-010EDD2539CF}.Debug|x64.Build.0 = Debug|Any CPU
		{7C28B43E-45D8-455E-ACC3-010EDD2539CF}.Debug|x86.ActiveCfg = Debug|Any CPU
		{7C28B43E-45D8-455E-ACC3-010EDD2539CF}.Debug|x86.Build.0 = Debug|Any CPU
		{7C28B43E-45D8-455E-ACC3-010EDD2539CF}.Release|Any CPU.ActiveCfg = Release|Any CPU
		{7C28B43E-45D8-455E-ACC3-010EDD2539CF}.Release|Any CPU.Build.0 = Release|Any CPU
		{7C28B43E-45D8-455E-ACC3-010EDD2539CF}.Release|ARM.ActiveCfg = Release|Any CPU
		{7C28B43E-45D8-455E-ACC3-010EDD2539CF}.Release|ARM.Build.0 = Release|Any CPU
		{7C28B43E-45D8-455E-ACC3-010EDD2539CF}.Release|ARM64.ActiveCfg = Release|Any CPU
		{7C28B43E-45D8-455E-ACC3-010EDD2539CF}.Release|ARM64.Build.0 = Release|Any CPU
		{7C28B43E-45D8-455E-ACC3-010EDD2539CF}.Release|iPhone.ActiveCfg = Release|Any CPU
		{7C28B43E-45D8-455E-ACC3-010EDD2539CF}.Release|iPhone.Build.0 = Release|Any CPU
		{7C28B43E-45D8-455E-ACC3-010EDD2539CF}.Release|iPhoneSimulator.ActiveCfg = Release|Any CPU
		{7C28B43E-45D8-455E-ACC3-010EDD2539CF}.Release|iPhoneSimulator.Build.0 = Release|Any CPU
		{7C28B43E-45D8-455E-ACC3-010EDD2539CF}.Release|x64.ActiveCfg = Release|Any CPU
		{7C28B43E-45D8-455E-ACC3-010EDD2539CF}.Release|x64.Build.0 = Release|Any CPU
		{7C28B43E-45D8-455E-ACC3-010EDD2539CF}.Release|x86.ActiveCfg = Release|Any CPU
		{7C28B43E-45D8-455E-ACC3-010EDD2539CF}.Release|x86.Build.0 = Release|Any CPU
		{565BA23B-6EE4-45A2-8D3D-53A7026C7E99}.Ad-Hoc|Any CPU.ActiveCfg = Debug|Any CPU
		{565BA23B-6EE4-45A2-8D3D-53A7026C7E99}.Ad-Hoc|Any CPU.Build.0 = Debug|Any CPU
		{565BA23B-6EE4-45A2-8D3D-53A7026C7E99}.Ad-Hoc|ARM.ActiveCfg = Debug|Any CPU
		{565BA23B-6EE4-45A2-8D3D-53A7026C7E99}.Ad-Hoc|ARM.Build.0 = Debug|Any CPU
		{565BA23B-6EE4-45A2-8D3D-53A7026C7E99}.Ad-Hoc|ARM64.ActiveCfg = Debug|Any CPU
		{565BA23B-6EE4-45A2-8D3D-53A7026C7E99}.Ad-Hoc|ARM64.Build.0 = Debug|Any CPU
		{565BA23B-6EE4-45A2-8D3D-53A7026C7E99}.Ad-Hoc|iPhone.ActiveCfg = Debug|Any CPU
		{565BA23B-6EE4-45A2-8D3D-53A7026C7E99}.Ad-Hoc|iPhone.Build.0 = Debug|Any CPU
		{565BA23B-6EE4-45A2-8D3D-53A7026C7E99}.Ad-Hoc|iPhoneSimulator.ActiveCfg = Debug|Any CPU
		{565BA23B-6EE4-45A2-8D3D-53A7026C7E99}.Ad-Hoc|iPhoneSimulator.Build.0 = Debug|Any CPU
		{565BA23B-6EE4-45A2-8D3D-53A7026C7E99}.Ad-Hoc|x64.ActiveCfg = Debug|Any CPU
		{565BA23B-6EE4-45A2-8D3D-53A7026C7E99}.Ad-Hoc|x64.Build.0 = Debug|Any CPU
		{565BA23B-6EE4-45A2-8D3D-53A7026C7E99}.Ad-Hoc|x86.ActiveCfg = Debug|Any CPU
		{565BA23B-6EE4-45A2-8D3D-53A7026C7E99}.Ad-Hoc|x86.Build.0 = Debug|Any CPU
		{565BA23B-6EE4-45A2-8D3D-53A7026C7E99}.AppStore|Any CPU.ActiveCfg = Debug|Any CPU
		{565BA23B-6EE4-45A2-8D3D-53A7026C7E99}.AppStore|Any CPU.Build.0 = Debug|Any CPU
		{565BA23B-6EE4-45A2-8D3D-53A7026C7E99}.AppStore|ARM.ActiveCfg = Debug|Any CPU
		{565BA23B-6EE4-45A2-8D3D-53A7026C7E99}.AppStore|ARM.Build.0 = Debug|Any CPU
		{565BA23B-6EE4-45A2-8D3D-53A7026C7E99}.AppStore|ARM64.ActiveCfg = Debug|Any CPU
		{565BA23B-6EE4-45A2-8D3D-53A7026C7E99}.AppStore|ARM64.Build.0 = Debug|Any CPU
		{565BA23B-6EE4-45A2-8D3D-53A7026C7E99}.AppStore|iPhone.ActiveCfg = Debug|Any CPU
		{565BA23B-6EE4-45A2-8D3D-53A7026C7E99}.AppStore|iPhone.Build.0 = Debug|Any CPU
		{565BA23B-6EE4-45A2-8D3D-53A7026C7E99}.AppStore|iPhoneSimulator.ActiveCfg = Debug|Any CPU
		{565BA23B-6EE4-45A2-8D3D-53A7026C7E99}.AppStore|iPhoneSimulator.Build.0 = Debug|Any CPU
		{565BA23B-6EE4-45A2-8D3D-53A7026C7E99}.AppStore|x64.ActiveCfg = Debug|Any CPU
		{565BA23B-6EE4-45A2-8D3D-53A7026C7E99}.AppStore|x64.Build.0 = Debug|Any CPU
		{565BA23B-6EE4-45A2-8D3D-53A7026C7E99}.AppStore|x86.ActiveCfg = Debug|Any CPU
		{565BA23B-6EE4-45A2-8D3D-53A7026C7E99}.AppStore|x86.Build.0 = Debug|Any CPU
		{565BA23B-6EE4-45A2-8D3D-53A7026C7E99}.Debug|Any CPU.ActiveCfg = Debug|Any CPU
		{565BA23B-6EE4-45A2-8D3D-53A7026C7E99}.Debug|Any CPU.Build.0 = Debug|Any CPU
		{565BA23B-6EE4-45A2-8D3D-53A7026C7E99}.Debug|ARM.ActiveCfg = Debug|Any CPU
		{565BA23B-6EE4-45A2-8D3D-53A7026C7E99}.Debug|ARM.Build.0 = Debug|Any CPU
		{565BA23B-6EE4-45A2-8D3D-53A7026C7E99}.Debug|ARM64.ActiveCfg = Debug|Any CPU
		{565BA23B-6EE4-45A2-8D3D-53A7026C7E99}.Debug|ARM64.Build.0 = Debug|Any CPU
		{565BA23B-6EE4-45A2-8D3D-53A7026C7E99}.Debug|iPhone.ActiveCfg = Debug|Any CPU
		{565BA23B-6EE4-45A2-8D3D-53A7026C7E99}.Debug|iPhone.Build.0 = Debug|Any CPU
		{565BA23B-6EE4-45A2-8D3D-53A7026C7E99}.Debug|iPhoneSimulator.ActiveCfg = Debug|Any CPU
		{565BA23B-6EE4-45A2-8D3D-53A7026C7E99}.Debug|iPhoneSimulator.Build.0 = Debug|Any CPU
		{565BA23B-6EE4-45A2-8D3D-53A7026C7E99}.Debug|x64.ActiveCfg = Debug|Any CPU
		{565BA23B-6EE4-45A2-8D3D-53A7026C7E99}.Debug|x64.Build.0 = Debug|Any CPU
		{565BA23B-6EE4-45A2-8D3D-53A7026C7E99}.Debug|x86.ActiveCfg = Debug|Any CPU
		{565BA23B-6EE4-45A2-8D3D-53A7026C7E99}.Debug|x86.Build.0 = Debug|Any CPU
		{565BA23B-6EE4-45A2-8D3D-53A7026C7E99}.Release|Any CPU.ActiveCfg = Release|Any CPU
		{565BA23B-6EE4-45A2-8D3D-53A7026C7E99}.Release|Any CPU.Build.0 = Release|Any CPU
		{565BA23B-6EE4-45A2-8D3D-53A7026C7E99}.Release|ARM.ActiveCfg = Release|Any CPU
		{565BA23B-6EE4-45A2-8D3D-53A7026C7E99}.Release|ARM.Build.0 = Release|Any CPU
		{565BA23B-6EE4-45A2-8D3D-53A7026C7E99}.Release|ARM64.ActiveCfg = Release|Any CPU
		{565BA23B-6EE4-45A2-8D3D-53A7026C7E99}.Release|ARM64.Build.0 = Release|Any CPU
		{565BA23B-6EE4-45A2-8D3D-53A7026C7E99}.Release|iPhone.ActiveCfg = Release|Any CPU
		{565BA23B-6EE4-45A2-8D3D-53A7026C7E99}.Release|iPhone.Build.0 = Release|Any CPU
		{565BA23B-6EE4-45A2-8D3D-53A7026C7E99}.Release|iPhoneSimulator.ActiveCfg = Release|Any CPU
		{565BA23B-6EE4-45A2-8D3D-53A7026C7E99}.Release|iPhoneSimulator.Build.0 = Release|Any CPU
		{565BA23B-6EE4-45A2-8D3D-53A7026C7E99}.Release|x64.ActiveCfg = Release|Any CPU
		{565BA23B-6EE4-45A2-8D3D-53A7026C7E99}.Release|x64.Build.0 = Release|Any CPU
		{565BA23B-6EE4-45A2-8D3D-53A7026C7E99}.Release|x86.ActiveCfg = Release|Any CPU
		{565BA23B-6EE4-45A2-8D3D-53A7026C7E99}.Release|x86.Build.0 = Release|Any CPU
	EndGlobalSection
	GlobalSection(SolutionProperties) = preSolution
		HideSolutionNode = FALSE
	EndGlobalSection
	GlobalSection(NestedProjects) = preSolution
		{D252ACA1-3020-4165-B377-BCB46A7C8B2F} = {02492054-38D1-4BF0-897A-BA3FAA560BC3}
		{61026DFC-F33B-46C5-A859-2322C7B37BD5} = {02492054-38D1-4BF0-897A-BA3FAA560BC3}
		{390ADFF3-9E2C-4076-9154-C6B84B0BFC59} = {02492054-38D1-4BF0-897A-BA3FAA560BC3}
		{77331092-F306-4400-A7B1-B04E722F5872} = {02492054-38D1-4BF0-897A-BA3FAA560BC3}
		{032E85B1-784E-44D4-B07A-1B6861EFA71F} = {02492054-38D1-4BF0-897A-BA3FAA560BC3}
		{1DC61074-53FD-4225-8A0F-A5D1A4B482E0} = {02492054-38D1-4BF0-897A-BA3FAA560BC3}
		{672B79D6-4EC0-4504-AACB-949ED0158AD7} = {02492054-38D1-4BF0-897A-BA3FAA560BC3}
		{7C28B43E-45D8-455E-ACC3-010EDD2539CF} = {02492054-38D1-4BF0-897A-BA3FAA560BC3}
		{565BA23B-6EE4-45A2-8D3D-53A7026C7E99} = {02492054-38D1-4BF0-897A-BA3FAA560BC3}
	EndGlobalSection
	GlobalSection(ExtensibilityGlobals) = postSolution
		SolutionGuid = {F7A11B79-7733-4BA1-A2E4-C84BA94A9552}
	EndGlobalSection
EndGlobal
